
Microsoft Visual Studio Solution File, Format Version 12.00
# Visual Studio Version 17
VisualStudioVersion = 17.0.32112.339
MinimumVisualStudioVersion = 10.0.40219.1
Project("{9A19103F-16F7-4668-BE54-9A1E7A4F7556}") = "01. Integer Operations", "01. Integer Operations\01. Integer Operations.csproj", "{47B1C44D-2BEB-4B5C-8081-B62A1CCAAF48}"
EndProject
Project("{9A19103F-16F7-4668-BE54-9A1E7A4F7556}") = "02. Sum Digits", "02. Sum Digits\02. Sum Digits.csproj", "{65D3B273-87DF-4573-B584-7C086ED58AE2}"
EndProject
Project("{9A19103F-16F7-4668-BE54-9A1E7A4F7556}") = "03. Elevator", "03. Elevator\03. Elevator.csproj", "{80A3C709-1415-4489-A17D-D1216D7B6BEF}"
EndProject
Project("{9A19103F-16F7-4668-BE54-9A1E7A4F7556}") = "04. Sum of Chars", "04. Sum of Chars\04. Sum of Chars.csproj", "{3DF4ADB2-3F6F-4528-B240-93D1FD4FA0BC}"
EndProject
Project("{9A19103F-16F7-4668-BE54-9A1E7A4F7556}") = "05. Print Part Of ASCII Table", "05. Print Part Of ASCII Table\05. Print Part Of ASCII Table.csproj", "{486E428E-DE08-4359-A4D6-00C9C8C2712A}"
EndProject
Project("{9A19103F-16F7-4668-BE54-9A1E7A4F7556}") = "06. Triples of Latin Letters", "06. Triples of Latin Letters\06. Triples of Latin Letters.csproj", "{4017EF7F-006C-4DB0-9783-5D966C3A806F}"
EndProject
Project("{9A19103F-16F7-4668-BE54-9A1E7A4F7556}") = "07. Water Overflow", "07. Water Overflow\07. Water Overflow.csproj", "{2709C53B-D1F2-4E38-B466-BA151D34BF85}"
EndProject
Project("{9A19103F-16F7-4668-BE54-9A1E7A4F7556}") = "08. Beer Kegs", "08. Beer Kegs\08. Beer Kegs.csproj", "{A7CC9BC8-45C8-407C-AD82-C85D6CD037C5}"
EndProject
Project("{9A19103F-16F7-4668-BE54-9A1E7A4F7556}") = "09. Spice Must Flow", "09. Spice Must Flow\09. Spice Must Flow.csproj", "{FBCE6457-F682-4C0F-8A52-02BE2680E030}"
EndProject
Project("{9A19103F-16F7-4668-BE54-9A1E7A4F7556}") = "10. Poke Mon", "10. Poke Mon\10. Poke Mon.csproj", "{97978811-BD5E-467D-A400-5C657E251594}"
EndProject
Global
	GlobalSection(SolutionConfigurationPlatforms) = preSolution
		Debug|Any CPU = Debug|Any CPU
		Release|Any CPU = Release|Any CPU
	EndGlobalSection
	GlobalSection(ProjectConfigurationPlatforms) = postSolution
		{47B1C44D-2BEB-4B5C-8081-B62A1CCAAF48}.Debug|Any CPU.ActiveCfg = Debug|Any CPU
		{47B1C44D-2BEB-4B5C-8081-B62A1CCAAF48}.Debug|Any CPU.Build.0 = Debug|Any CPU
		{47B1C44D-2BEB-4B5C-8081-B62A1CCAAF48}.Release|Any CPU.ActiveCfg = Release|Any CPU
		{47B1C44D-2BEB-4B5C-8081-B62A1CCAAF48}.Release|Any CPU.Build.0 = Release|Any CPU
		{65D3B273-87DF-4573-B584-7C086ED58AE2}.Debug|Any CPU.ActiveCfg = Debug|Any CPU
		{65D3B273-87DF-4573-B584-7C086ED58AE2}.Debug|Any CPU.Build.0 = Debug|Any CPU
		{65D3B273-87DF-4573-B584-7C086ED58AE2}.Release|Any CPU.ActiveCfg = Release|Any CPU
		{65D3B273-87DF-4573-B584-7C086ED58AE2}.Release|Any CPU.Build.0 = Release|Any CPU
		{80A3C709-1415-4489-A17D-D1216D7B6BEF}.Debug|Any CPU.ActiveCfg = Debug|Any CPU
		{80A3C709-1415-4489-A17D-D1216D7B6BEF}.Debug|Any CPU.Build.0 = Debug|Any CPU
		{80A3C709-1415-4489-A17D-D1216D7B6BEF}.Release|Any CPU.ActiveCfg = Release|Any CPU
		{80A3C709-1415-4489-A17D-D1216D7B6BEF}.Release|Any CPU.Build.0 = Release|Any CPU
		{3DF4ADB2-3F6F-4528-B240-93D1FD4FA0BC}.Debug|Any CPU.ActiveCfg = Debug|Any CPU
		{3DF4ADB2-3F6F-4528-B240-93D1FD4FA0BC}.Debug|Any CPU.Build.0 = Debug|Any CPU
		{3DF4ADB2-3F6F-4528-B240-93D1FD4FA0BC}.Release|Any CPU.ActiveCfg = Release|Any CPU
		{3DF4ADB2-3F6F-4528-B240-93D1FD4FA0BC}.Release|Any CPU.Build.0 = Release|Any CPU
		{486E428E-DE08-4359-A4D6-00C9C8C2712A}.Debug|Any CPU.ActiveCfg = Debug|Any CPU
		{486E428E-DE08-4359-A4D6-00C9C8C2712A}.Debug|Any CPU.Build.0 = Debug|Any CPU
		{486E428E-DE08-4359-A4D6-00C9C8C2712A}.Release|Any CPU.ActiveCfg = Release|Any CPU
		{486E428E-DE08-4359-A4D6-00C9C8C2712A}.Release|Any CPU.Build.0 = Release|Any CPU
		{4017EF7F-006C-4DB0-9783-5D966C3A806F}.Debug|Any CPU.ActiveCfg = Debug|Any CPU
		{4017EF7F-006C-4DB0-9783-5D966C3A806F}.Debug|Any CPU.Build.0 = Debug|Any CPU
		{4017EF7F-006C-4DB0-9783-5D966C3A806F}.Release|Any CPU.ActiveCfg = Release|Any CPU
		{4017EF7F-006C-4DB0-9783-5D966C3A806F}.Release|Any CPU.Build.0 = Release|Any CPU
		{2709C53B-D1F2-4E38-B466-BA151D34BF85}.Debug|Any CPU.ActiveCfg = Debug|Any CPU
		{2709C53B-D1F2-4E38-B466-BA151D34BF85}.Debug|Any CPU.Build.0 = Debug|Any CPU
		{2709C53B-D1F2-4E38-B466-BA151D34BF85}.Release|Any CPU.ActiveCfg = Release|Any CPU
		{2709C53B-D1F2-4E38-B466-BA151D34BF85}.Release|Any CPU.Build.0 = Release|Any CPU
		{A7CC9BC8-45C8-407C-AD82-C85D6CD037C5}.Debug|Any CPU.ActiveCfg = Debug|Any CPU
		{A7CC9BC8-45C8-407C-AD82-C85D6CD037C5}.Debug|Any CPU.Build.0 = Debug|Any CPU
		{A7CC9BC8-45C8-407C-AD82-C85D6CD037C5}.Release|Any CPU.ActiveCfg = Release|Any CPU
		{A7CC9BC8-45C8-407C-AD82-C85D6CD037C5}.Release|Any CPU.Build.0 = Release|Any CPU
		{FBCE6457-F682-4C0F-8A52-02BE2680E030}.Debug|Any CPU.ActiveCfg = Debug|Any CPU
		{FBCE6457-F682-4C0F-8A52-02BE2680E030}.Debug|Any CPU.Build.0 = Debug|Any CPU
		{FBCE6457-F682-4C0F-8A52-02BE2680E030}.Release|Any CPU.ActiveCfg = Release|Any CPU
		{FBCE6457-F682-4C0F-8A52-02BE2680E030}.Release|Any CPU.Build.0 = Release|Any CPU
		{97978811-BD5E-467D-A400-5C657E251594}.Debug|Any CPU.ActiveCfg = Debug|Any CPU
		{97978811-BD5E-467D-A400-5C657E251594}.Debug|Any CPU.Build.0 = Debug|Any CPU
		{97978811-BD5E-467D-A400-5C657E251594}.Release|Any CPU.ActiveCfg = Release|Any CPU
		{97978811-BD5E-467D-A400-5C657E251594}.Release|Any CPU.Build.0 = Release|Any CPU
	EndGlobalSection
	GlobalSection(SolutionProperties) = preSolution
		HideSolutionNode = FALSE
	EndGlobalSection
	GlobalSection(ExtensibilityGlobals) = postSolution
		SolutionGuid = {5668EA4D-2C88-492E-A0D9-4C7E561A4785}
	EndGlobalSection
EndGlobal
