
Microsoft Visual Studio Solution File, Format Version 12.00
# Visual Studio Version 17
VisualStudioVersion = 17.0.32112.339
MinimumVisualStudioVersion = 10.0.40219.1
Project("{9A19103F-16F7-4668-BE54-9A1E7A4F7556}") = "01. Train", "01. Train\01. Train.csproj", "{EF264059-02B8-4191-8802-F19C38923170}"
EndProject
Project("{9A19103F-16F7-4668-BE54-9A1E7A4F7556}") = "02. Change List", "02. Change List\02. Change List.csproj", "{93821179-E45F-4F7E-B5EE-EEE56F4324A3}"
EndProject
Project("{9A19103F-16F7-4668-BE54-9A1E7A4F7556}") = "03. House Party", "03. House Party\03. House Party.csproj", "{D341F4B4-5B4E-4AD5-B69E-554D45803889}"
EndProject
Project("{9A19103F-16F7-4668-BE54-9A1E7A4F7556}") = "04. List Operations", "04. List Operations\04. List Operations.csproj", "{D1D1F0F6-5D12-4DD6-BCDA-B41005C728DD}"
EndProject
Project("{9A19103F-16F7-4668-BE54-9A1E7A4F7556}") = "05. Bomb Numbers", "05. Bomb Numbers\05. Bomb Numbers.csproj", "{DB4EF140-64C5-4A53-A5F8-DB31AFF320D3}"
EndProject
Project("{9A19103F-16F7-4668-BE54-9A1E7A4F7556}") = "06. Cards Game", "06. Cards Game\06. Cards Game.csproj", "{201BFA95-ECC1-4767-AE44-8891FE3E2ADE}"
EndProject
Project("{9A19103F-16F7-4668-BE54-9A1E7A4F7556}") = "07. Append Arrays", "07. Append Arrays\07. Append Arrays.csproj", "{AE129D8D-557A-4E25-93B2-BA5BB32B44CD}"
EndProject
Global
	GlobalSection(SolutionConfigurationPlatforms) = preSolution
		Debug|Any CPU = Debug|Any CPU
		Release|Any CPU = Release|Any CPU
	EndGlobalSection
	GlobalSection(ProjectConfigurationPlatforms) = postSolution
		{EF264059-02B8-4191-8802-F19C38923170}.Debug|Any CPU.ActiveCfg = Debug|Any CPU
		{EF264059-02B8-4191-8802-F19C38923170}.Debug|Any CPU.Build.0 = Debug|Any CPU
		{EF264059-02B8-4191-8802-F19C38923170}.Release|Any CPU.ActiveCfg = Release|Any CPU
		{EF264059-02B8-4191-8802-F19C38923170}.Release|Any CPU.Build.0 = Release|Any CPU
		{93821179-E45F-4F7E-B5EE-EEE56F4324A3}.Debug|Any CPU.ActiveCfg = Debug|Any CPU
		{93821179-E45F-4F7E-B5EE-EEE56F4324A3}.Debug|Any CPU.Build.0 = Debug|Any CPU
		{93821179-E45F-4F7E-B5EE-EEE56F4324A3}.Release|Any CPU.ActiveCfg = Release|Any CPU
		{93821179-E45F-4F7E-B5EE-EEE56F4324A3}.Release|Any CPU.Build.0 = Release|Any CPU
		{D341F4B4-5B4E-4AD5-B69E-554D45803889}.Debug|Any CPU.ActiveCfg = Debug|Any CPU
		{D341F4B4-5B4E-4AD5-B69E-554D45803889}.Debug|Any CPU.Build.0 = Debug|Any CPU
		{D341F4B4-5B4E-4AD5-B69E-554D45803889}.Release|Any CPU.ActiveCfg = Release|Any CPU
		{D341F4B4-5B4E-4AD5-B69E-554D45803889}.Release|Any CPU.Build.0 = Release|Any CPU
		{D1D1F0F6-5D12-4DD6-BCDA-B41005C728DD}.Debug|Any CPU.ActiveCfg = Debug|Any CPU
		{D1D1F0F6-5D12-4DD6-BCDA-B41005C728DD}.Debug|Any CPU.Build.0 = Debug|Any CPU
		{D1D1F0F6-5D12-4DD6-BCDA-B41005C728DD}.Release|Any CPU.ActiveCfg = Release|Any CPU
		{D1D1F0F6-5D12-4DD6-BCDA-B41005C728DD}.Release|Any CPU.Build.0 = Release|Any CPU
		{DB4EF140-64C5-4A53-A5F8-DB31AFF320D3}.Debug|Any CPU.ActiveCfg = Debug|Any CPU
		{DB4EF140-64C5-4A53-A5F8-DB31AFF320D3}.Debug|Any CPU.Build.0 = Debug|Any CPU
		{DB4EF140-64C5-4A53-A5F8-DB31AFF320D3}.Release|Any CPU.ActiveCfg = Release|Any CPU
		{DB4EF140-64C5-4A53-A5F8-DB31AFF320D3}.Release|Any CPU.Build.0 = Release|Any CPU
		{201BFA95-ECC1-4767-AE44-8891FE3E2ADE}.Debug|Any CPU.ActiveCfg = Debug|Any CPU
		{201BFA95-ECC1-4767-AE44-8891FE3E2ADE}.Debug|Any CPU.Build.0 = Debug|Any CPU
		{201BFA95-ECC1-4767-AE44-8891FE3E2ADE}.Release|Any CPU.ActiveCfg = Release|Any CPU
		{201BFA95-ECC1-4767-AE44-8891FE3E2ADE}.Release|Any CPU.Build.0 = Release|Any CPU
		{AE129D8D-557A-4E25-93B2-BA5BB32B44CD}.Debug|Any CPU.ActiveCfg = Debug|Any CPU
		{AE129D8D-557A-4E25-93B2-BA5BB32B44CD}.Debug|Any CPU.Build.0 = Debug|Any CPU
		{AE129D8D-557A-4E25-93B2-BA5BB32B44CD}.Release|Any CPU.ActiveCfg = Release|Any CPU
		{AE129D8D-557A-4E25-93B2-BA5BB32B44CD}.Release|Any CPU.Build.0 = Release|Any CPU
	EndGlobalSection
	GlobalSection(SolutionProperties) = preSolution
		HideSolutionNode = FALSE
	EndGlobalSection
	GlobalSection(ExtensibilityGlobals) = postSolution
		SolutionGuid = {4BA92B5D-5681-4930-8B78-E80E0C2C781A}
	EndGlobalSection
EndGlobal
