
Microsoft Visual Studio Solution File, Format Version 12.00
# Visual Studio Version 17
VisualStudioVersion = 17.0.32112.339
MinimumVisualStudioVersion = 10.0.40219.1
Project("{9A19103F-16F7-4668-BE54-9A1E7A4F7556}") = "01. Randomize Words", "01. Randomize Words\01. Randomize Words.csproj", "{D3A2AF9B-3B0D-415C-9E57-598C22F3E1E2}"
EndProject
Project("{9A19103F-16F7-4668-BE54-9A1E7A4F7556}") = "02. Big Factorial", "02. Big Factorial\02. Big Factorial.csproj", "{0F5105FF-13F0-4F34-BCD3-293E3971F845}"
EndProject
Project("{9A19103F-16F7-4668-BE54-9A1E7A4F7556}") = "03. Songs", "03. Songs\03. Songs.csproj", "{76FB6F75-D7DD-4BC2-8BA6-096B21A1AED3}"
EndProject
Project("{9A19103F-16F7-4668-BE54-9A1E7A4F7556}") = "04. Students", "04. Students\04. Students.csproj", "{D9CFCDAD-1DFF-4792-99FF-EB9FD59C96B1}"
EndProject
Project("{9A19103F-16F7-4668-BE54-9A1E7A4F7556}") = "05. Students 2.0", "05. Students 2.0\05. Students 2.0.csproj", "{41B6CF6F-4243-4369-AB16-9ECA439A9FBC}"
EndProject
Project("{FAE04EC0-301F-11D3-BF4B-00C04F79EFBC}") = "06. Store Boxes", "06. Store Boxes\06. Store Boxes.csproj", "{A64555FE-8EA5-45DD-9758-7CEB74D0EB7C}"
EndProject
Project("{FAE04EC0-301F-11D3-BF4B-00C04F79EFBC}") = "07. Vehicle Catalogue", "07. Vehicle Catalogue\07. Vehicle Catalogue.csproj", "{0301A3CC-DB4C-42E5-B6A5-236CC3DB58B3}"
EndProject
Global
	GlobalSection(SolutionConfigurationPlatforms) = preSolution
		Debug|Any CPU = Debug|Any CPU
		Release|Any CPU = Release|Any CPU
	EndGlobalSection
	GlobalSection(ProjectConfigurationPlatforms) = postSolution
		{D3A2AF9B-3B0D-415C-9E57-598C22F3E1E2}.Debug|Any CPU.ActiveCfg = Debug|Any CPU
		{D3A2AF9B-3B0D-415C-9E57-598C22F3E1E2}.Debug|Any CPU.Build.0 = Debug|Any CPU
		{D3A2AF9B-3B0D-415C-9E57-598C22F3E1E2}.Release|Any CPU.ActiveCfg = Release|Any CPU
		{D3A2AF9B-3B0D-415C-9E57-598C22F3E1E2}.Release|Any CPU.Build.0 = Release|Any CPU
		{0F5105FF-13F0-4F34-BCD3-293E3971F845}.Debug|Any CPU.ActiveCfg = Debug|Any CPU
		{0F5105FF-13F0-4F34-BCD3-293E3971F845}.Debug|Any CPU.Build.0 = Debug|Any CPU
		{0F5105FF-13F0-4F34-BCD3-293E3971F845}.Release|Any CPU.ActiveCfg = Release|Any CPU
		{0F5105FF-13F0-4F34-BCD3-293E3971F845}.Release|Any CPU.Build.0 = Release|Any CPU
		{76FB6F75-D7DD-4BC2-8BA6-096B21A1AED3}.Debug|Any CPU.ActiveCfg = Debug|Any CPU
		{76FB6F75-D7DD-4BC2-8BA6-096B21A1AED3}.Debug|Any CPU.Build.0 = Debug|Any CPU
		{76FB6F75-D7DD-4BC2-8BA6-096B21A1AED3}.Release|Any CPU.ActiveCfg = Release|Any CPU
		{76FB6F75-D7DD-4BC2-8BA6-096B21A1AED3}.Release|Any CPU.Build.0 = Release|Any CPU
		{D9CFCDAD-1DFF-4792-99FF-EB9FD59C96B1}.Debug|Any CPU.ActiveCfg = Debug|Any CPU
		{D9CFCDAD-1DFF-4792-99FF-EB9FD59C96B1}.Debug|Any CPU.Build.0 = Debug|Any CPU
		{D9CFCDAD-1DFF-4792-99FF-EB9FD59C96B1}.Release|Any CPU.ActiveCfg = Release|Any CPU
		{D9CFCDAD-1DFF-4792-99FF-EB9FD59C96B1}.Release|Any CPU.Build.0 = Release|Any CPU
		{41B6CF6F-4243-4369-AB16-9ECA439A9FBC}.Debug|Any CPU.ActiveCfg = Debug|Any CPU
		{41B6CF6F-4243-4369-AB16-9ECA439A9FBC}.Debug|Any CPU.Build.0 = Debug|Any CPU
		{41B6CF6F-4243-4369-AB16-9ECA439A9FBC}.Release|Any CPU.ActiveCfg = Release|Any CPU
		{41B6CF6F-4243-4369-AB16-9ECA439A9FBC}.Release|Any CPU.Build.0 = Release|Any CPU
		{A64555FE-8EA5-45DD-9758-7CEB74D0EB7C}.Debug|Any CPU.ActiveCfg = Debug|Any CPU
		{A64555FE-8EA5-45DD-9758-7CEB74D0EB7C}.Debug|Any CPU.Build.0 = Debug|Any CPU
		{A64555FE-8EA5-45DD-9758-7CEB74D0EB7C}.Release|Any CPU.ActiveCfg = Release|Any CPU
		{A64555FE-8EA5-45DD-9758-7CEB74D0EB7C}.Release|Any CPU.Build.0 = Release|Any CPU
		{0301A3CC-DB4C-42E5-B6A5-236CC3DB58B3}.Debug|Any CPU.ActiveCfg = Debug|Any CPU
		{0301A3CC-DB4C-42E5-B6A5-236CC3DB58B3}.Debug|Any CPU.Build.0 = Debug|Any CPU
		{0301A3CC-DB4C-42E5-B6A5-236CC3DB58B3}.Release|Any CPU.ActiveCfg = Release|Any CPU
		{0301A3CC-DB4C-42E5-B6A5-236CC3DB58B3}.Release|Any CPU.Build.0 = Release|Any CPU
	EndGlobalSection
	GlobalSection(SolutionProperties) = preSolution
		HideSolutionNode = FALSE
	EndGlobalSection
	GlobalSection(ExtensibilityGlobals) = postSolution
		SolutionGuid = {E5B0E123-276D-465E-94FD-E3F03741B294}
	EndGlobalSection
EndGlobal
