
Microsoft Visual Studio Solution File, Format Version 12.00
# Visual Studio Version 17
VisualStudioVersion = 17.0.32112.339
MinimumVisualStudioVersion = 10.0.40219.1
Project("{FAE04EC0-301F-11D3-BF4B-00C04F79EFBC}") = "01. Student Information", "01. Student Information\01. Student Information.csproj", "{87470011-4484-4B06-B84D-F13CD2BE9BBF}"
EndProject
Project("{FAE04EC0-301F-11D3-BF4B-00C04F79EFBC}") = "02. Passed", "02. Passed\02. Passed.csproj", "{B3063BBA-7F1C-4716-9027-2E0DAE30429C}"
EndProject
Project("{FAE04EC0-301F-11D3-BF4B-00C04F79EFBC}") = "03. Passed or Failed", "03. Passed or Failed\03. Passed or Failed.csproj", "{1C3C7192-D5AF-484C-9C93-735DFF26830D}"
EndProject
Project("{FAE04EC0-301F-11D3-BF4B-00C04F79EFBC}") = "04. Back In 30 Minutes", "04. Back In 30 Minutes\04. Back In 30 Minutes.csproj", "{7D364940-B1CC-4567-90D6-491ECCB79F2A}"
EndProject
Project("{FAE04EC0-301F-11D3-BF4B-00C04F79EFBC}") = "05. Month Printer", "05. Month Printer\05. Month Printer.csproj", "{53FFB2A8-6D2D-45ED-B5B0-7C4976783179}"
EndProject
Project("{FAE04EC0-301F-11D3-BF4B-00C04F79EFBC}") = "06. Foreign Languages", "06. Foreign Languages\06. Foreign Languages.csproj", "{D2F4E576-BF74-45F7-AC54-0C39EE2BBA0F}"
EndProject
Project("{FAE04EC0-301F-11D3-BF4B-00C04F79EFBC}") = "07. Theatre Promotion", "07. Theatre Promotion\07. Theatre Promotion.csproj", "{98CCD4D6-3361-4179-9908-0B083CA4ED98}"
EndProject
Project("{FAE04EC0-301F-11D3-BF4B-00C04F79EFBC}") = "08. Divisible by 3", "08. Divisible by 3\08. Divisible by 3.csproj", "{F5811980-C0CF-41B9-A181-CF99F0AAAFC4}"
EndProject
Project("{FAE04EC0-301F-11D3-BF4B-00C04F79EFBC}") = "09. Sum of Odd Numbers", "09. Sum of Odd Numbers\09. Sum of Odd Numbers.csproj", "{B4DCC090-E4A5-4A8E-9283-417B2F4D11E1}"
EndProject
Project("{FAE04EC0-301F-11D3-BF4B-00C04F79EFBC}") = "10. Multiplication Table", "10. Multiplication Table\10. Multiplication Table.csproj", "{E20FB91D-8E6E-4451-84B5-71B314E0EB2C}"
EndProject
Project("{FAE04EC0-301F-11D3-BF4B-00C04F79EFBC}") = "11. Multiplication Table 2.0", "11. Multiplication Table 2.0\11. Multiplication Table 2.0.csproj", "{2406C33C-76D1-4648-BBC8-4615315A3ED2}"
EndProject
Project("{FAE04EC0-301F-11D3-BF4B-00C04F79EFBC}") = "12. Even Number", "12. Even Number\12. Even Number.csproj", "{B9D7741A-1C8D-455F-A3E4-A1AF369C4D67}"
EndProject
Project("{FAE04EC0-301F-11D3-BF4B-00C04F79EFBC}") = "13. Holidays Between Two Dates", "13. Holidays Between Two Dates\13. Holidays Between Two Dates.csproj", "{C528E2D9-EDF5-4C85-AC7A-7D5035222CD0}"
EndProject
Global
	GlobalSection(SolutionConfigurationPlatforms) = preSolution
		Debug|Any CPU = Debug|Any CPU
		Release|Any CPU = Release|Any CPU
	EndGlobalSection
	GlobalSection(ProjectConfigurationPlatforms) = postSolution
		{87470011-4484-4B06-B84D-F13CD2BE9BBF}.Debug|Any CPU.ActiveCfg = Debug|Any CPU
		{87470011-4484-4B06-B84D-F13CD2BE9BBF}.Debug|Any CPU.Build.0 = Debug|Any CPU
		{87470011-4484-4B06-B84D-F13CD2BE9BBF}.Release|Any CPU.ActiveCfg = Release|Any CPU
		{87470011-4484-4B06-B84D-F13CD2BE9BBF}.Release|Any CPU.Build.0 = Release|Any CPU
		{B3063BBA-7F1C-4716-9027-2E0DAE30429C}.Debug|Any CPU.ActiveCfg = Debug|Any CPU
		{B3063BBA-7F1C-4716-9027-2E0DAE30429C}.Debug|Any CPU.Build.0 = Debug|Any CPU
		{B3063BBA-7F1C-4716-9027-2E0DAE30429C}.Release|Any CPU.ActiveCfg = Release|Any CPU
		{B3063BBA-7F1C-4716-9027-2E0DAE30429C}.Release|Any CPU.Build.0 = Release|Any CPU
		{1C3C7192-D5AF-484C-9C93-735DFF26830D}.Debug|Any CPU.ActiveCfg = Debug|Any CPU
		{1C3C7192-D5AF-484C-9C93-735DFF26830D}.Debug|Any CPU.Build.0 = Debug|Any CPU
		{1C3C7192-D5AF-484C-9C93-735DFF26830D}.Release|Any CPU.ActiveCfg = Release|Any CPU
		{1C3C7192-D5AF-484C-9C93-735DFF26830D}.Release|Any CPU.Build.0 = Release|Any CPU
		{7D364940-B1CC-4567-90D6-491ECCB79F2A}.Debug|Any CPU.ActiveCfg = Debug|Any CPU
		{7D364940-B1CC-4567-90D6-491ECCB79F2A}.Debug|Any CPU.Build.0 = Debug|Any CPU
		{7D364940-B1CC-4567-90D6-491ECCB79F2A}.Release|Any CPU.ActiveCfg = Release|Any CPU
		{7D364940-B1CC-4567-90D6-491ECCB79F2A}.Release|Any CPU.Build.0 = Release|Any CPU
		{53FFB2A8-6D2D-45ED-B5B0-7C4976783179}.Debug|Any CPU.ActiveCfg = Debug|Any CPU
		{53FFB2A8-6D2D-45ED-B5B0-7C4976783179}.Debug|Any CPU.Build.0 = Debug|Any CPU
		{53FFB2A8-6D2D-45ED-B5B0-7C4976783179}.Release|Any CPU.ActiveCfg = Release|Any CPU
		{53FFB2A8-6D2D-45ED-B5B0-7C4976783179}.Release|Any CPU.Build.0 = Release|Any CPU
		{D2F4E576-BF74-45F7-AC54-0C39EE2BBA0F}.Debug|Any CPU.ActiveCfg = Debug|Any CPU
		{D2F4E576-BF74-45F7-AC54-0C39EE2BBA0F}.Debug|Any CPU.Build.0 = Debug|Any CPU
		{D2F4E576-BF74-45F7-AC54-0C39EE2BBA0F}.Release|Any CPU.ActiveCfg = Release|Any CPU
		{D2F4E576-BF74-45F7-AC54-0C39EE2BBA0F}.Release|Any CPU.Build.0 = Release|Any CPU
		{98CCD4D6-3361-4179-9908-0B083CA4ED98}.Debug|Any CPU.ActiveCfg = Debug|Any CPU
		{98CCD4D6-3361-4179-9908-0B083CA4ED98}.Debug|Any CPU.Build.0 = Debug|Any CPU
		{98CCD4D6-3361-4179-9908-0B083CA4ED98}.Release|Any CPU.ActiveCfg = Release|Any CPU
		{98CCD4D6-3361-4179-9908-0B083CA4ED98}.Release|Any CPU.Build.0 = Release|Any CPU
		{F5811980-C0CF-41B9-A181-CF99F0AAAFC4}.Debug|Any CPU.ActiveCfg = Debug|Any CPU
		{F5811980-C0CF-41B9-A181-CF99F0AAAFC4}.Debug|Any CPU.Build.0 = Debug|Any CPU
		{F5811980-C0CF-41B9-A181-CF99F0AAAFC4}.Release|Any CPU.ActiveCfg = Release|Any CPU
		{F5811980-C0CF-41B9-A181-CF99F0AAAFC4}.Release|Any CPU.Build.0 = Release|Any CPU
		{B4DCC090-E4A5-4A8E-9283-417B2F4D11E1}.Debug|Any CPU.ActiveCfg = Debug|Any CPU
		{B4DCC090-E4A5-4A8E-9283-417B2F4D11E1}.Debug|Any CPU.Build.0 = Debug|Any CPU
		{B4DCC090-E4A5-4A8E-9283-417B2F4D11E1}.Release|Any CPU.ActiveCfg = Release|Any CPU
		{B4DCC090-E4A5-4A8E-9283-417B2F4D11E1}.Release|Any CPU.Build.0 = Release|Any CPU
		{E20FB91D-8E6E-4451-84B5-71B314E0EB2C}.Debug|Any CPU.ActiveCfg = Debug|Any CPU
		{E20FB91D-8E6E-4451-84B5-71B314E0EB2C}.Debug|Any CPU.Build.0 = Debug|Any CPU
		{E20FB91D-8E6E-4451-84B5-71B314E0EB2C}.Release|Any CPU.ActiveCfg = Release|Any CPU
		{E20FB91D-8E6E-4451-84B5-71B314E0EB2C}.Release|Any CPU.Build.0 = Release|Any CPU
		{2406C33C-76D1-4648-BBC8-4615315A3ED2}.Debug|Any CPU.ActiveCfg = Debug|Any CPU
		{2406C33C-76D1-4648-BBC8-4615315A3ED2}.Debug|Any CPU.Build.0 = Debug|Any CPU
		{2406C33C-76D1-4648-BBC8-4615315A3ED2}.Release|Any CPU.ActiveCfg = Release|Any CPU
		{2406C33C-76D1-4648-BBC8-4615315A3ED2}.Release|Any CPU.Build.0 = Release|Any CPU
		{B9D7741A-1C8D-455F-A3E4-A1AF369C4D67}.Debug|Any CPU.ActiveCfg = Debug|Any CPU
		{B9D7741A-1C8D-455F-A3E4-A1AF369C4D67}.Debug|Any CPU.Build.0 = Debug|Any CPU
		{B9D7741A-1C8D-455F-A3E4-A1AF369C4D67}.Release|Any CPU.ActiveCfg = Release|Any CPU
		{B9D7741A-1C8D-455F-A3E4-A1AF369C4D67}.Release|Any CPU.Build.0 = Release|Any CPU
		{C528E2D9-EDF5-4C85-AC7A-7D5035222CD0}.Debug|Any CPU.ActiveCfg = Debug|Any CPU
		{C528E2D9-EDF5-4C85-AC7A-7D5035222CD0}.Debug|Any CPU.Build.0 = Debug|Any CPU
		{C528E2D9-EDF5-4C85-AC7A-7D5035222CD0}.Release|Any CPU.ActiveCfg = Release|Any CPU
		{C528E2D9-EDF5-4C85-AC7A-7D5035222CD0}.Release|Any CPU.Build.0 = Release|Any CPU
	EndGlobalSection
	GlobalSection(SolutionProperties) = preSolution
		HideSolutionNode = FALSE
	EndGlobalSection
	GlobalSection(ExtensibilityGlobals) = postSolution
		SolutionGuid = {B314FE4C-5E48-42A3-8E52-15BB53CF932E}
	EndGlobalSection
EndGlobal
