
Microsoft Visual Studio Solution File, Format Version 12.00
# Visual Studio Version 17
VisualStudioVersion = 17.0.32112.339
MinimumVisualStudioVersion = 10.0.40219.1
Project("{9A19103F-16F7-4668-BE54-9A1E7A4F7556}") = "01. Extract Person Information", "01. Extract Person Information\01. Extract Person Information.csproj", "{9DB93B2C-9D3B-4184-BB5E-B100CA761303}"
EndProject
Project("{9A19103F-16F7-4668-BE54-9A1E7A4F7556}") = "02. Ascii Sumator", "02. Ascii Sumator\02. Ascii Sumator.csproj", "{E00FFA4F-DA50-42B4-A6F7-835C5D601D7D}"
EndProject
Project("{9A19103F-16F7-4668-BE54-9A1E7A4F7556}") = "03. Treasure Finder", "03. Treasure Finder\03. Treasure Finder.csproj", "{69B37B6A-02FC-4E3D-A902-753474EAD534}"
EndProject
Project("{FAE04EC0-301F-11D3-BF4B-00C04F79EFBC}") = "04. Morse Code Translator", "04. Morse Code Translator\04. Morse Code Translator.csproj", "{EFCE0E6F-5222-4D85-A671-01BFF4A477ED}"
EndProject
Project("{FAE04EC0-301F-11D3-BF4B-00C04F79EFBC}") = "05. HTML", "05. HTML\05. HTML.csproj", "{DAA44D0C-5653-4F62-8670-F177AFC26F9A}"
EndProject
Global
	GlobalSection(SolutionConfigurationPlatforms) = preSolution
		Debug|Any CPU = Debug|Any CPU
		Release|Any CPU = Release|Any CPU
	EndGlobalSection
	GlobalSection(ProjectConfigurationPlatforms) = postSolution
		{9DB93B2C-9D3B-4184-BB5E-B100CA761303}.Debug|Any CPU.ActiveCfg = Debug|Any CPU
		{9DB93B2C-9D3B-4184-BB5E-B100CA761303}.Debug|Any CPU.Build.0 = Debug|Any CPU
		{9DB93B2C-9D3B-4184-BB5E-B100CA761303}.Release|Any CPU.ActiveCfg = Release|Any CPU
		{9DB93B2C-9D3B-4184-BB5E-B100CA761303}.Release|Any CPU.Build.0 = Release|Any CPU
		{E00FFA4F-DA50-42B4-A6F7-835C5D601D7D}.Debug|Any CPU.ActiveCfg = Debug|Any CPU
		{E00FFA4F-DA50-42B4-A6F7-835C5D601D7D}.Debug|Any CPU.Build.0 = Debug|Any CPU
		{E00FFA4F-DA50-42B4-A6F7-835C5D601D7D}.Release|Any CPU.ActiveCfg = Release|Any CPU
		{E00FFA4F-DA50-42B4-A6F7-835C5D601D7D}.Release|Any CPU.Build.0 = Release|Any CPU
		{69B37B6A-02FC-4E3D-A902-753474EAD534}.Debug|Any CPU.ActiveCfg = Debug|Any CPU
		{69B37B6A-02FC-4E3D-A902-753474EAD534}.Debug|Any CPU.Build.0 = Debug|Any CPU
		{69B37B6A-02FC-4E3D-A902-753474EAD534}.Release|Any CPU.ActiveCfg = Release|Any CPU
		{69B37B6A-02FC-4E3D-A902-753474EAD534}.Release|Any CPU.Build.0 = Release|Any CPU
		{EFCE0E6F-5222-4D85-A671-01BFF4A477ED}.Debug|Any CPU.ActiveCfg = Debug|Any CPU
		{EFCE0E6F-5222-4D85-A671-01BFF4A477ED}.Debug|Any CPU.Build.0 = Debug|Any CPU
		{EFCE0E6F-5222-4D85-A671-01BFF4A477ED}.Release|Any CPU.ActiveCfg = Release|Any CPU
		{EFCE0E6F-5222-4D85-A671-01BFF4A477ED}.Release|Any CPU.Build.0 = Release|Any CPU
		{DAA44D0C-5653-4F62-8670-F177AFC26F9A}.Debug|Any CPU.ActiveCfg = Debug|Any CPU
		{DAA44D0C-5653-4F62-8670-F177AFC26F9A}.Debug|Any CPU.Build.0 = Debug|Any CPU
		{DAA44D0C-5653-4F62-8670-F177AFC26F9A}.Release|Any CPU.ActiveCfg = Release|Any CPU
		{DAA44D0C-5653-4F62-8670-F177AFC26F9A}.Release|Any CPU.Build.0 = Release|Any CPU
	EndGlobalSection
	GlobalSection(SolutionProperties) = preSolution
		HideSolutionNode = FALSE
	EndGlobalSection
	GlobalSection(ExtensibilityGlobals) = postSolution
		SolutionGuid = {3A5429BE-6CC4-4670-9589-ACBD5CD3EDE3}
	EndGlobalSection
EndGlobal
